
Microsoft Visual Studio Solution File, Format Version 12.00
# Visual Studio 15
VisualStudioVersion = 15.0.28307.489
MinimumVisualStudioVersion = 10.0.40219.1
Project("{FAE04EC0-301F-11D3-BF4B-00C04F79EFBC}") = "HackerRank_Pangrams", "HackerRank_Pangrams\HackerRank_Pangrams.csproj", "{F5C46DB3-E8F4-467F-BEBC-990BFE42BE38}"
EndProject
Global
	GlobalSection(SolutionConfigurationPlatforms) = preSolution
		Debug|Any CPU = Debug|Any CPU
		Release|Any CPU = Release|Any CPU
	EndGlobalSection
	GlobalSection(ProjectConfigurationPlatforms) = postSolution
		{F5C46DB3-E8F4-467F-BEBC-990BFE42BE38}.Debug|Any CPU.ActiveCfg = Debug|Any CPU
		{F5C46DB3-E8F4-467F-BEBC-990BFE42BE38}.Debug|Any CPU.Build.0 = Debug|Any CPU
		{F5C46DB3-E8F4-467F-BEBC-990BFE42BE38}.Release|Any CPU.ActiveCfg = Release|Any CPU
		{F5C46DB3-E8F4-467F-BEBC-990BFE42BE38}.Release|Any CPU.Build.0 = Release|Any CPU
	EndGlobalSection
	GlobalSection(SolutionProperties) = preSolution
		HideSolutionNode = FALSE
	EndGlobalSection
	GlobalSection(ExtensibilityGlobals) = postSolution
		SolutionGuid = {A563359A-BEB8-4F7A-8A95-5C0CB307E350}
	EndGlobalSection
EndGlobal
